{
  "name": "@gros/www",
  "version": "0.0.1",
  "lockfileVersion": 2,
  "requires": true,
  "packages": {
    "": {
      "name": "@gros/www",
      "version": "0.0.1",
      "license": "Apache-2.0",
      "dependencies": {
        "@fortawesome/fontawesome-free": "^5.15.4",
        "academicons": "https://github.com/jpswalsh/academicons/archive/refs/tags/v1.9.4.tar.gz",
        "bulma": "^0.9.4"
      }
    },
    "node_modules/@fortawesome/fontawesome-free": {
      "version": "5.15.4",
      "resolved": "https://registry.npmjs.org/@fortawesome/fontawesome-free/-/fontawesome-free-5.15.4.tgz",
      "integrity": "sha512-eYm8vijH/hpzr/6/1CJ/V/Eb1xQFW2nnUKArb3z+yUWv7HTwj6M7SP957oMjfZjAHU6qpoNc2wQvIxBLWYa/Jg==",
      "hasInstallScript": true,
      "engines": {
        "node": ">=6"
      }
    },
    "node_modules/academicons": {
      "version": "1.9.4",
      "resolved": "https://github.com/jpswalsh/academicons/archive/refs/tags/v1.9.4.tar.gz",
      "integrity": "sha512-zxjD7vcxYxNXkUOEiMkoZ65zKq7QpG4dSXF1pMr8n2o80l3b2S+S+BbUs8/WBZssIrlUbpXfLeDYR/0/qZc+vA==",
      "license": "OFL-1.1"
    },
    "node_modules/bulma": {
      "version": "0.9.4",
      "resolved": "https://registry.npmjs.org/bulma/-/bulma-0.9.4.tgz",
      "integrity": "sha512-86FlT5+1GrsgKbPLRRY7cGDg8fsJiP/jzTqXXVqiUZZ2aZT8uemEOHlU1CDU+TxklPEZ11HZNNWclRBBecP4CQ=="
    }
  },
  "dependencies": {
    "@fortawesome/fontawesome-free": {
      "version": "5.15.4",
      "resolved": "https://registry.npmjs.org/@fortawesome/fontawesome-free/-/fontawesome-free-5.15.4.tgz",
      "integrity": "sha512-eYm8vijH/hpzr/6/1CJ/V/Eb1xQFW2nnUKArb3z+yUWv7HTwj6M7SP957oMjfZjAHU6qpoNc2wQvIxBLWYa/Jg=="
    },
    "academicons": {
      "version": "https://github.com/jpswalsh/academicons/archive/refs/tags/v1.9.4.tar.gz",
      "integrity": "sha512-zxjD7vcxYxNXkUOEiMkoZ65zKq7QpG4dSXF1pMr8n2o80l3b2S+S+BbUs8/WBZssIrlUbpXfLeDYR/0/qZc+vA=="
    },
    "bulma": {
      "version": "0.9.4",
      "resolved": "https://registry.npmjs.org/bulma/-/bulma-0.9.4.tgz",
      "integrity": "sha512-86FlT5+1GrsgKbPLRRY7cGDg8fsJiP/jzTqXXVqiUZZ2aZT8uemEOHlU1CDU+TxklPEZ11HZNNWclRBBecP4CQ=="
    }
  }
}
